
Microsoft Visual Studio Solution File, Format Version 12.00
# Visual Studio 2012
Project("{8BC9CEB8-8B4A-11D0-8D11-00A0C91BC942}") = "ARGraphs", "ARGraphs.vcxproj", "{A86E7F9D-E100-4FEA-B1C3-7FEACB4F5CAC}"
EndProject
Global
	GlobalSection(SolutionConfigurationPlatforms) = preSolution
		Debug|Win32 = Debug|Win32
		Release|Win32 = Release|Win32
	EndGlobalSection
	GlobalSection(ProjectConfigurationPlatforms) = postSolution
		{A86E7F9D-E100-4FEA-B1C3-7FEACB4F5CAC}.Debug|Win32.ActiveCfg = Debug|Win32
		{A86E7F9D-E100-4FEA-B1C3-7FEACB4F5CAC}.Debug|Win32.Build.0 = Debug|Win32
		{A86E7F9D-E100-4FEA-B1C3-7FEACB4F5CAC}.Release|Win32.ActiveCfg = Release|Win32
		{A86E7F9D-E100-4FEA-B1C3-7FEACB4F5CAC}.Release|Win32.Build.0 = Release|Win32
	EndGlobalSection
	GlobalSection(SolutionProperties) = preSolution
		HideSolutionNode = FALSE
	EndGlobalSection
EndGlobal
